
Microsoft Visual Studio Solution File, Format Version 12.00
# Visual Studio Version 17
VisualStudioVersion = 17.4.33213.308
MinimumVisualStudioVersion = 10.0.40219.1
Project("{FAE04EC0-301F-11D3-BF4B-00C04F79EFBC}") = "Cadastro_Computadores", "Cadastro_Computadores\Cadastro_Computadores.csproj", "{12865981-9A66-4E21-8418-1B8CC835517C}"
EndProject
Global
	GlobalSection(SolutionConfigurationPlatforms) = preSolution
		Debug|Any CPU = Debug|Any CPU
		Release|Any CPU = Release|Any CPU
	EndGlobalSection
	GlobalSection(ProjectConfigurationPlatforms) = postSolution
		{12865981-9A66-4E21-8418-1B8CC835517C}.Debug|Any CPU.ActiveCfg = Debug|Any CPU
		{12865981-9A66-4E21-8418-1B8CC835517C}.Debug|Any CPU.Build.0 = Debug|Any CPU
		{12865981-9A66-4E21-8418-1B8CC835517C}.Release|Any CPU.ActiveCfg = Release|Any CPU
		{12865981-9A66-4E21-8418-1B8CC835517C}.Release|Any CPU.Build.0 = Release|Any CPU
	EndGlobalSection
	GlobalSection(SolutionProperties) = preSolution
		HideSolutionNode = FALSE
	EndGlobalSection
	GlobalSection(ExtensibilityGlobals) = postSolution
		SolutionGuid = {057E2000-3AEC-43EF-BCC5-3B48904EDB7D}
	EndGlobalSection
EndGlobal
